
Microsoft Visual Studio Solution File, Format Version 12.00
# Visual Studio 14
VisualStudioVersion = 14.0.23107.0
MinimumVisualStudioVersion = 10.0.40219.1
Project("{8BC9CEB8-8B4A-11D0-8D11-00A0C91BC942}") = "Sandbox", "Sandbox.vcxproj", "{742F85E6-4215-4DB0-A565-917472000E03}"
EndProject
Project("{8BC9CEB8-8B4A-11D0-8D11-00A0C91BC942}") = "Triangle", "triangle\Triangle.vcxproj", "{BD89CA49-B743-47FA-A3A2-2A9A600DE351}"
EndProject
Project("{8BC9CEB8-8B4A-11D0-8D11-00A0C91BC942}") = "ColorRing", "color_ring\ColorRing.vcxproj", "{CC466AB9-1E50-4D07-9FCC-4797813265E7}"
EndProject
Project("{8BC9CEB8-8B4A-11D0-8D11-00A0C91BC942}") = "imgui", "im_gui\imgui.vcxproj", "{3B16E9AB-D8AE-4F0D-84CF-434E6C859B26}"
EndProject
Project("{8BC9CEB8-8B4A-11D0-8D11-00A0C91BC942}") = "Sprites", "sprites\Sprites.vcxproj", "{8D5249F1-4696-4864-B78A-8DAA13DCDC38}"
EndProject
Global
	GlobalSection(SolutionConfigurationPlatforms) = preSolution
		Debug|x64 = Debug|x64
		Debug|x86 = Debug|x86
		Release|x64 = Release|x64
		Release|x86 = Release|x86
	EndGlobalSection
	GlobalSection(ProjectConfigurationPlatforms) = postSolution
		{742F85E6-4215-4DB0-A565-917472000E03}.Debug|x64.ActiveCfg = Debug|x64
		{742F85E6-4215-4DB0-A565-917472000E03}.Debug|x64.Build.0 = Debug|x64
		{742F85E6-4215-4DB0-A565-917472000E03}.Debug|x86.ActiveCfg = Debug|Win32
		{742F85E6-4215-4DB0-A565-917472000E03}.Debug|x86.Build.0 = Debug|Win32
		{742F85E6-4215-4DB0-A565-917472000E03}.Release|x64.ActiveCfg = Release|x64
		{742F85E6-4215-4DB0-A565-917472000E03}.Release|x64.Build.0 = Release|x64
		{742F85E6-4215-4DB0-A565-917472000E03}.Release|x86.ActiveCfg = Release|Win32
		{742F85E6-4215-4DB0-A565-917472000E03}.Release|x86.Build.0 = Release|Win32
		{BD89CA49-B743-47FA-A3A2-2A9A600DE351}.Debug|x64.ActiveCfg = Debug|x64
		{BD89CA49-B743-47FA-A3A2-2A9A600DE351}.Debug|x64.Build.0 = Debug|x64
		{BD89CA49-B743-47FA-A3A2-2A9A600DE351}.Debug|x86.ActiveCfg = Debug|Win32
		{BD89CA49-B743-47FA-A3A2-2A9A600DE351}.Debug|x86.Build.0 = Debug|Win32
		{BD89CA49-B743-47FA-A3A2-2A9A600DE351}.Release|x64.ActiveCfg = Release|x64
		{BD89CA49-B743-47FA-A3A2-2A9A600DE351}.Release|x64.Build.0 = Release|x64
		{BD89CA49-B743-47FA-A3A2-2A9A600DE351}.Release|x86.ActiveCfg = Release|Win32
		{BD89CA49-B743-47FA-A3A2-2A9A600DE351}.Release|x86.Build.0 = Release|Win32
		{CC466AB9-1E50-4D07-9FCC-4797813265E7}.Debug|x64.ActiveCfg = Debug|x64
		{CC466AB9-1E50-4D07-9FCC-4797813265E7}.Debug|x64.Build.0 = Debug|x64
		{CC466AB9-1E50-4D07-9FCC-4797813265E7}.Debug|x86.ActiveCfg = Debug|Win32
		{CC466AB9-1E50-4D07-9FCC-4797813265E7}.Debug|x86.Build.0 = Debug|Win32
		{CC466AB9-1E50-4D07-9FCC-4797813265E7}.Release|x64.ActiveCfg = Release|x64
		{CC466AB9-1E50-4D07-9FCC-4797813265E7}.Release|x64.Build.0 = Release|x64
		{CC466AB9-1E50-4D07-9FCC-4797813265E7}.Release|x86.ActiveCfg = Release|Win32
		{CC466AB9-1E50-4D07-9FCC-4797813265E7}.Release|x86.Build.0 = Release|Win32
		{3B16E9AB-D8AE-4F0D-84CF-434E6C859B26}.Debug|x64.ActiveCfg = Debug|x64
		{3B16E9AB-D8AE-4F0D-84CF-434E6C859B26}.Debug|x64.Build.0 = Debug|x64
		{3B16E9AB-D8AE-4F0D-84CF-434E6C859B26}.Debug|x86.ActiveCfg = Debug|Win32
		{3B16E9AB-D8AE-4F0D-84CF-434E6C859B26}.Debug|x86.Build.0 = Debug|Win32
		{3B16E9AB-D8AE-4F0D-84CF-434E6C859B26}.Release|x64.ActiveCfg = Release|x64
		{3B16E9AB-D8AE-4F0D-84CF-434E6C859B26}.Release|x64.Build.0 = Release|x64
		{3B16E9AB-D8AE-4F0D-84CF-434E6C859B26}.Release|x86.ActiveCfg = Release|Win32
		{3B16E9AB-D8AE-4F0D-84CF-434E6C859B26}.Release|x86.Build.0 = Release|Win32
		{8D5249F1-4696-4864-B78A-8DAA13DCDC38}.Debug|x64.ActiveCfg = Debug|x64
		{8D5249F1-4696-4864-B78A-8DAA13DCDC38}.Debug|x64.Build.0 = Debug|x64
		{8D5249F1-4696-4864-B78A-8DAA13DCDC38}.Debug|x86.ActiveCfg = Debug|Win32
		{8D5249F1-4696-4864-B78A-8DAA13DCDC38}.Debug|x86.Build.0 = Debug|Win32
		{8D5249F1-4696-4864-B78A-8DAA13DCDC38}.Release|x64.ActiveCfg = Release|x64
		{8D5249F1-4696-4864-B78A-8DAA13DCDC38}.Release|x64.Build.0 = Release|x64
		{8D5249F1-4696-4864-B78A-8DAA13DCDC38}.Release|x86.ActiveCfg = Release|Win32
		{8D5249F1-4696-4864-B78A-8DAA13DCDC38}.Release|x86.Build.0 = Release|Win32
	EndGlobalSection
	GlobalSection(SolutionProperties) = preSolution
		HideSolutionNode = FALSE
	EndGlobalSection
EndGlobal
