<?xml version="1.0" encoding="utf-8"?>
<Project ToolsVersion="4.0" xmlns="http://schemas.microsoft.com/developer/msbuild/2003">
  <ItemGroup>
    <Filter Include="utils">
      <UniqueIdentifier>{3dd4c714-0a4e-44e0-a36f-d5373d9c1ea9}</UniqueIdentifier>
    </Filter>
    <Filter Include="ext">
      <UniqueIdentifier>{97dbb5f0-ee1c-4b76-938b-3091ec6219ca}</UniqueIdentifier>
    </Filter>
  </ItemGroup>
  <ItemGroup>
    <ClInclude Include="src\Constants.h" />
    <ClInclude Include="src\utils\tweening.h">
      <Filter>utils</Filter>
    </ClInclude>
    <ClInclude Include="src\utils\utils.h">
      <Filter>utils</Filter>
    </ClInclude>
    <ClInclude Include="resource.h" />
    <ClInclude Include="ext\stb_image.h">
      <Filter>ext</Filter>
    </ClInclude>
    <ClInclude Include="ext\diesel.h">
      <Filter>ext</Filter>
    </ClInclude>
    <ClInclude Include="ext\ds_imgui.h">
      <Filter>ext</Filter>
    </ClInclude>
    <ClInclude Include="ext\SpriteBatchBuffer.h">
      <Filter>ext</Filter>
    </ClInclude>
    <ClInclude Include="src\Sandbox.h" />
    <ClInclude Include="src\TweeningTest.h" />
    <ClInclude Include="src\DataArray.h" />
    <ClInclude Include="src\AABBox.h" />
    <ClInclude Include="src\World.h" />
    <ClInclude Include="src\AnimationTest.h" />
    <ClInclude Include="src\utils\DynamicPath.h">
      <Filter>utils</Filter>
    </ClInclude>
    <ClInclude Include="src\KeyFrameAnimation.h" />
    <ClInclude Include="ext\ds_profiler.h">
      <Filter>ext</Filter>
    </ClInclude>
    <ClInclude Include="src\LogPanel.h" />
    <ClInclude Include="ext\ds_vm.h">
      <Filter>ext</Filter>
    </ClInclude>
    <ClInclude Include="src\VMTest.h" />
    <ClInclude Include="src\ParticleExpressionTest.h" />
    <ClInclude Include="src\Particles.h" />
    <ClInclude Include="src\PerfPanel.h" />
    <ClInclude Include="src\Plugin.h" />
  </ItemGroup>
  <ItemGroup>
    <ClCompile Include="src\main.cpp" />
    <ClCompile Include="src\utils\tweening.cpp">
      <Filter>utils</Filter>
    </ClCompile>
    <ClCompile Include="src\utils\utils.cpp">
      <Filter>utils</Filter>
    </ClCompile>
    <ClCompile Include="src\Sandbox.cpp" />
    <ClCompile Include="src\TweeningTest.cpp" />
    <ClCompile Include="src\World.cpp" />
    <ClCompile Include="src\AnimationTest.cpp" />
    <ClCompile Include="src\KeyFrameAnimation.cpp" />
    <ClCompile Include="src\VMTest.cpp" />
    <ClCompile Include="src\ParticleExpressionTest.cpp" />
    <ClCompile Include="src\Plugin.cpp" />
  </ItemGroup>
  <ItemGroup>
    <ResourceCompile Include="Sandbox.rc" />
  </ItemGroup>
  <ItemGroup>
    <Image Include="content\TextureArray.png" />
  </ItemGroup>
</Project>