<?xml version="1.0" encoding="utf-8"?>
<Project ToolsVersion="4.0" xmlns="http://schemas.microsoft.com/developer/msbuild/2003">
  <ItemGroup>
    <ClCompile Include="main.cpp" />
    <ClCompile Include="WarpingGrid.cpp" />
    <ClCompile Include="ColorRing.cpp" />
    <ClCompile Include="Board.cpp" />
    <ClCompile Include="particles\ParticleManager.cpp">
      <Filter>particles</Filter>
    </ClCompile>
    <ClCompile Include="items\HUD.cpp">
      <Filter>items</Filter>
    </ClCompile>
    <ClCompile Include="items\Player.cpp">
      <Filter>items</Filter>
    </ClCompile>
    <ClCompile Include="particles\particle_effects.cpp">
      <Filter>particles</Filter>
    </ClCompile>
    <ClCompile Include="common\common.cpp">
      <Filter>common</Filter>
    </ClCompile>
    <ClCompile Include="common\math.cpp">
      <Filter>common</Filter>
    </ClCompile>
    <ClCompile Include="common\colors.cpp">
      <Filter>common</Filter>
    </ClCompile>
  </ItemGroup>
  <ItemGroup>
    <FxCompile Include="Grid_ps.hlsl" />
    <FxCompile Include="Grid_vs.hlsl" />
    <FxCompile Include="Solid_vs.hlsl" />
    <FxCompile Include="Solid_ps.hlsl" />
  </ItemGroup>
  <ItemGroup>
    <ClInclude Include="WarpingGrid.h" />
    <ClInclude Include="ColorRing.h" />
    <ClInclude Include="Board.h" />
    <ClInclude Include="particles\ParticleManager.h">
      <Filter>particles</Filter>
    </ClInclude>
    <ClInclude Include="items\HUD.h">
      <Filter>items</Filter>
    </ClInclude>
    <ClInclude Include="items\Player.h">
      <Filter>items</Filter>
    </ClInclude>
    <ClInclude Include="particles\particle_effects.h">
      <Filter>particles</Filter>
    </ClInclude>
    <ClInclude Include="common\common.h">
      <Filter>common</Filter>
    </ClInclude>
    <ClInclude Include="common\math.h">
      <Filter>common</Filter>
    </ClInclude>
    <ClInclude Include="common\colors.h">
      <Filter>common</Filter>
    </ClInclude>
  </ItemGroup>
  <ItemGroup>
    <Filter Include="particles">
      <UniqueIdentifier>{1d9cb00b-6baf-4c63-bddc-467503184924}</UniqueIdentifier>
    </Filter>
    <Filter Include="items">
      <UniqueIdentifier>{f07ba1b0-7856-4b0b-b799-c9f116e4ceda}</UniqueIdentifier>
    </Filter>
    <Filter Include="common">
      <UniqueIdentifier>{1f9e9cc8-506b-40c3-980e-a282bdbaf6f9}</UniqueIdentifier>
    </Filter>
  </ItemGroup>
</Project>