<?xml version="1.0" encoding="utf-8"?>
<Project ToolsVersion="4.0" xmlns="http://schemas.microsoft.com/developer/msbuild/2003">
  <ItemGroup>
    <ClCompile Include="main.cpp" />
    <ClCompile Include="Boids.cpp" />
    <ClCompile Include="math.cpp" />
    <ClCompile Include="Obstacles.cpp" />
    <ClCompile Include="player.cpp" />
  </ItemGroup>
  <ItemGroup>
    <ClInclude Include="Boids.h" />
    <ClInclude Include="math.h" />
    <ClInclude Include="Obstacles.h" />
    <ClInclude Include="player.h" />
  </ItemGroup>
</Project>