<?xml version="1.0" encoding="utf-8"?>
<Project ToolsVersion="4.0" xmlns="http://schemas.microsoft.com/developer/msbuild/2003">
  <ItemGroup>
    <ClCompile Include="main.cpp" />
    <ClCompile Include="Boids.cpp" />
    <ClCompile Include="math.cpp" />
    <ClCompile Include="Obstacles.cpp" />
    <ClCompile Include="player.cpp" />
    <ClCompile Include="sprite_editor.cpp" />
    <ClCompile Include="BlockArray.cpp" />
    <ClCompile Include="border.cpp" />
    <ClCompile Include="particles\Particlesystem.cpp">
      <Filter>particles</Filter>
    </ClCompile>
  </ItemGroup>
  <ItemGroup>
    <ClInclude Include="Boids.h" />
    <ClInclude Include="math.h" />
    <ClInclude Include="Obstacles.h" />
    <ClInclude Include="player.h" />
    <ClInclude Include="sprite_editor.h" />
    <ClInclude Include="sprites_def.h" />
    <ClInclude Include="sprites_definitions.h" />
    <ClInclude Include="BlockArray.h" />
    <ClInclude Include="simd_vec.h" />
    <ClInclude Include="border.h" />
    <ClInclude Include="fixed_array.h" />
    <ClInclude Include="particles\Particlesystem.h">
      <Filter>particles</Filter>
    </ClInclude>
    <ClInclude Include="particles\Particles_PS_Main.h">
      <Filter>particles</Filter>
    </ClInclude>
    <ClInclude Include="particles\Particles_VS_Main.h">
      <Filter>particles</Filter>
    </ClInclude>
  </ItemGroup>
  <ItemGroup>
    <Filter Include="particles">
      <UniqueIdentifier>{abab4e6c-87c4-435b-9d0e-6e3d135901f2}</UniqueIdentifier>
    </Filter>
  </ItemGroup>
</Project>