
Microsoft Visual Studio Solution File, Format Version 12.00
# Visual Studio 15
VisualStudioVersion = 15.0.27130.2027
MinimumVisualStudioVersion = 10.0.40219.1
Project("{8BC9CEB8-8B4A-11D0-8D11-00A0C91BC942}") = "Sprites", "Sprites.vcxproj", "{8D5249F1-4696-4864-B78A-8DAA13DCDC38}"
EndProject
Project("{2150E333-8FDC-42A3-9474-1A3956D46DE8}") = "ext", "ext", "{E3035ED8-C5D2-4056-AC84-9540E6FD96F2}"
	ProjectSection(SolutionItems) = preProject
		..\ext\diesel.h = ..\ext\diesel.h
		..\ext\ds_imgui.h = ..\ext\ds_imgui.h
		..\ext\ds_particles_2D.h = ..\ext\ds_particles_2D.h
		..\ext\ds_sprites.h = ..\ext\ds_sprites.h
		..\ext\ds_squares.h = ..\ext\ds_squares.h
		..\ext\stb_image.h = ..\ext\stb_image.h
	EndProjectSection
EndProject
Global
	GlobalSection(SolutionConfigurationPlatforms) = preSolution
		Debug|x64 = Debug|x64
		Debug|x86 = Debug|x86
		Release|x64 = Release|x64
		Release|x86 = Release|x86
	EndGlobalSection
	GlobalSection(ProjectConfigurationPlatforms) = postSolution
		{8D5249F1-4696-4864-B78A-8DAA13DCDC38}.Debug|x64.ActiveCfg = Debug|x64
		{8D5249F1-4696-4864-B78A-8DAA13DCDC38}.Debug|x64.Build.0 = Debug|x64
		{8D5249F1-4696-4864-B78A-8DAA13DCDC38}.Debug|x86.ActiveCfg = Debug|Win32
		{8D5249F1-4696-4864-B78A-8DAA13DCDC38}.Debug|x86.Build.0 = Debug|Win32
		{8D5249F1-4696-4864-B78A-8DAA13DCDC38}.Release|x64.ActiveCfg = Release|x64
		{8D5249F1-4696-4864-B78A-8DAA13DCDC38}.Release|x64.Build.0 = Release|x64
		{8D5249F1-4696-4864-B78A-8DAA13DCDC38}.Release|x86.ActiveCfg = Release|Win32
		{8D5249F1-4696-4864-B78A-8DAA13DCDC38}.Release|x86.Build.0 = Release|Win32
	EndGlobalSection
	GlobalSection(SolutionProperties) = preSolution
		HideSolutionNode = FALSE
	EndGlobalSection
	GlobalSection(ExtensibilityGlobals) = postSolution
		SolutionGuid = {FFE3C869-BFEA-49DE-ABC8-8F93333065C2}
	EndGlobalSection
EndGlobal
